hash: 2d5833a4179159e162c983bf0f7c0ed49d9986cbe8cc764bf90d3215ccbab9c4
updated: 2019-01-21T21:10:01.792913897-05:00
imports:
- name: github.com/shurcooL/sanitized_anchor_name
  version: 7bfe4c7ecddb3666a94b053b422cdd8f5aaa3615
- name: gopkg.in/russross/blackfriday.v2
  version: d3b5b032dc8e8927d31a5071b56e14c89f045135
- name: gopkg.in/yaml.v2
  version: 5420a8b6744d3b0345ab293f6fcba19c978f1183
testImports: []
